PODS:
  - Forge (1.0.9)
  - Satin (1.3.0)
  - SwiftFormat/CLI (0.46.3)
  - Youi (2.0.1):
    - Satin

DEPENDENCIES:
  - Forge (from `../Forge`)
  - Satin (from `../Satin`)
  - SwiftFormat/CLI
  - Youi (from `../Youi`)

SPEC REPOS:
  trunk:
    - SwiftFormat

EXTERNAL SOURCES:
  Forge:
    :path: "../Forge"
  Satin:
    :path: "../Satin"
  Youi:
    :path: "../Youi"

SPEC CHECKSUMS:
  Forge: abca50ae8838a6d745b9a4e204bc2cb800546cef
  Satin: d312173abf4150be9df5d44e8e969999221c8ed8
  SwiftFormat: b639417da9e024b9e782f917bc9a080cf75bcb37
  Youi: 4d9f8b810a1c857526c9bffc2c21ce3b65370ee9

PODFILE CHECKSUM: 4a644782a7c80bfede094de75d85369d4b6a26b8

COCOAPODS: 1.8.4
