PODS:
  - Forge (0.1.0)
  - Satin (0.2.0)
  - SwiftFormat/CLI (0.44.2)
  - Youi (0.0.1):
    - Satin

DEPENDENCIES:
  - Forge (from `../Forge`)
  - Satin (from `../Satin`)
  - SwiftFormat/CLI
  - Youi (from `../Youi`)

SPEC REPOS:
  https://github.com/cocoapods/specs.git:
    - SwiftFormat

EXTERNAL SOURCES:
  Forge:
    :path: "../Forge"
  Satin:
    :path: "../Satin"
  Youi:
    :path: "../Youi"

SPEC CHECKSUMS:
  Forge: 235ac8e6a6ac48d2db3be3bae3723ec6180b0ba1
  Satin: e73bdaa91e191a6a47d547f4612e17e537686d98
  SwiftFormat: 53968b5cc5d466727e796f789fa9be6c38da34cb
  Youi: 3028987049f5a52304333c8606e3f2dc78e3ef67

PODFILE CHECKSUM: 060aa1e439707303fa9f064c11961470cc70736c

COCOAPODS: 1.7.5
