PODS:
  - Forge (0.1.0)
  - Satin (0.2.0)
  - SwiftFormat/CLI (0.44.7)
  - Youi (0.0.1):
    - Satin

DEPENDENCIES:
  - Forge (from `../Forge`)
  - Satin (from `../Satin`)
  - SwiftFormat/CLI
  - Youi (from `../Youi`)

SPEC REPOS:
  https://github.com/CocoaPods/Specs.git:
    - SwiftFormat

EXTERNAL SOURCES:
  Forge:
    :path: "../Forge"
  Satin:
    :path: "../Satin"
  Youi:
    :path: "../Youi"

SPEC CHECKSUMS:
  Forge: 235ac8e6a6ac48d2db3be3bae3723ec6180b0ba1
  Satin: 38cd644e7cb1a7defabc2d18ccb27c40223fdc1e
  SwiftFormat: fd97e27b8de5a46c9d1988bf1db1dc92e79f86a3
  Youi: 3028987049f5a52304333c8606e3f2dc78e3ef67

PODFILE CHECKSUM: 6f1954e1a71f5d859344c472758fe3423b49d332

COCOAPODS: 1.8.4
